
Microsoft Visual Studio Solution File, Format Version 12.00
# Visual Studio Version 17
VisualStudioVersion = 17.4.33110.190
MinimumVisualStudioVersion = 10.0.40219.1
Project("{FAE04EC0-301F-11D3-BF4B-00C04F79EFBC}") = "MyFinanceFy", "MyFinanceFy.csproj", "{8B577A4A-0446-4FDF-BC21-7819DDB999E4}"
EndProject
Global
	GlobalSection(SolutionConfigurationPlatforms) = preSolution
		Debug|Any CPU = Debug|Any CPU
		Release|Any CPU = Release|Any CPU
	EndGlobalSection
	GlobalSection(ProjectConfigurationPlatforms) = postSolution
		{8B577A4A-0446-4FDF-BC21-7819DDB999E4}.Debug|Any CPU.ActiveCfg = Debug|Any CPU
		{8B577A4A-0446-4FDF-BC21-7819DDB999E4}.Debug|Any CPU.Build.0 = Debug|Any CPU
		{8B577A4A-0446-4FDF-BC21-7819DDB999E4}.Release|Any CPU.ActiveCfg = Release|Any CPU
		{8B577A4A-0446-4FDF-BC21-7819DDB999E4}.Release|Any CPU.Build.0 = Release|Any CPU
	EndGlobalSection
	GlobalSection(SolutionProperties) = preSolution
		HideSolutionNode = FALSE
	EndGlobalSection
	GlobalSection(ExtensibilityGlobals) = postSolution
		SolutionGuid = {FCDA2D12-23AE-460F-9377-884CB1048CB8}
	EndGlobalSection
EndGlobal
